
Microsoft Visual Studio Solution File, Format Version 12.00
# Visual Studio Version 16
VisualStudioVersion = 16.0.30907.101
MinimumVisualStudioVersion = 10.0.40219.1
Project("{FAE04EC0-301F-11D3-BF4B-00C04F79EFBC}") = "TicTacToe", "TicTacToe\TicTacToe.csproj", "{C88D7E09-B705-4A4C-96C6-F78111265117}"
EndProject
Global
	GlobalSection(SolutionConfigurationPlatforms) = preSolution
		Debug|Any CPU = Debug|Any CPU
		Release|Any CPU = Release|Any CPU
	EndGlobalSection
	GlobalSection(ProjectConfigurationPlatforms) = postSolution
		{C88D7E09-B705-4A4C-96C6-F78111265117}.Debug|Any CPU.ActiveCfg = Debug|Any CPU
		{C88D7E09-B705-4A4C-96C6-F78111265117}.Debug|Any CPU.Build.0 = Debug|Any CPU
		{C88D7E09-B705-4A4C-96C6-F78111265117}.Release|Any CPU.ActiveCfg = Release|Any CPU
		{C88D7E09-B705-4A4C-96C6-F78111265117}.Release|Any CPU.Build.0 = Release|Any CPU
	EndGlobalSection
	GlobalSection(SolutionProperties) = preSolution
		HideSolutionNode = FALSE
	EndGlobalSection
	GlobalSection(ExtensibilityGlobals) = postSolution
		SolutionGuid = {2C4DB5FF-FE64-4DAB-8EA4-20786DCC00BF}
	EndGlobalSection
EndGlobal
